
Microsoft Visual Studio Solution File, Format Version 12.00
# Visual Studio 15
VisualStudioVersion = 15.0.28307.106
MinimumVisualStudioVersion = 10.0.40219.1
Project("{FAE04EC0-301F-11D3-BF4B-00C04F79EFBC}") = "ExemplosManipulacaoArquivos", "ConsoleUI\ExemplosManipulacaoArquivos.csproj", "{52DFEBFE-1532-4AD5-A1D2-DF93075B7CE5}"
EndProject
Global
	GlobalSection(SolutionConfigurationPlatforms) = preSolution
		Debug|Any CPU = Debug|Any CPU
		Release|Any CPU = Release|Any CPU
	EndGlobalSection
	GlobalSection(ProjectConfigurationPlatforms) = postSolution
		{52DFEBFE-1532-4AD5-A1D2-DF93075B7CE5}.Debug|Any CPU.ActiveCfg = Debug|Any CPU
		{52DFEBFE-1532-4AD5-A1D2-DF93075B7CE5}.Debug|Any CPU.Build.0 = Debug|Any CPU
		{52DFEBFE-1532-4AD5-A1D2-DF93075B7CE5}.Release|Any CPU.ActiveCfg = Release|Any CPU
		{52DFEBFE-1532-4AD5-A1D2-DF93075B7CE5}.Release|Any CPU.Build.0 = Release|Any CPU
	EndGlobalSection
	GlobalSection(SolutionProperties) = preSolution
		HideSolutionNode = FALSE
	EndGlobalSection
	GlobalSection(ExtensibilityGlobals) = postSolution
		SolutionGuid = {598899F9-0612-44EF-A293-B89A3BD2FB78}
	EndGlobalSection
EndGlobal
